
Microsoft Visual Studio Solution File, Format Version 12.00
# Visual Studio Version 16
VisualStudioVersion = 16.0.30204.135
MinimumVisualStudioVersion = 10.0.40219.1
Project("{FAE04EC0-301F-11D3-BF4B-00C04F79EFBC}") = "BestBuyAPITest", "BestBuyAPITest\BestBuyAPITest.csproj", "{FEED11B7-0449-4D95-9D3C-21739B70A891}"
EndProject
Global
	GlobalSection(SolutionConfigurationPlatforms) = preSolution
		Debug|Any CPU = Debug|Any CPU
		Release|Any CPU = Release|Any CPU
	EndGlobalSection
	GlobalSection(ProjectConfigurationPlatforms) = postSolution
		{FEED11B7-0449-4D95-9D3C-21739B70A891}.Debug|Any CPU.ActiveCfg = Debug|Any CPU
		{FEED11B7-0449-4D95-9D3C-21739B70A891}.Debug|Any CPU.Build.0 = Debug|Any CPU
		{FEED11B7-0449-4D95-9D3C-21739B70A891}.Release|Any CPU.ActiveCfg = Release|Any CPU
		{FEED11B7-0449-4D95-9D3C-21739B70A891}.Release|Any CPU.Build.0 = Release|Any CPU
	EndGlobalSection
	GlobalSection(SolutionProperties) = preSolution
		HideSolutionNode = FALSE
	EndGlobalSection
	GlobalSection(ExtensibilityGlobals) = postSolution
		SolutionGuid = {CDB05894-DAD6-4DC5-BED0-6633511CA4A3}
	EndGlobalSection
EndGlobal
